
Microsoft Visual Studio Solution File, Format Version 12.00
# Visual Studio Version 17
VisualStudioVersion = 17.4.33205.214
MinimumVisualStudioVersion = 10.0.40219.1
Project("{9A19103F-16F7-4668-BE54-9A1E7A4F7556}") = "QACWebsite", "QACWebsite\QACWebsite.csproj", "{0D0A9338-BE14-43AC-A342-4C720BEF93DD}"
EndProject
Global
	GlobalSection(SolutionConfigurationPlatforms) = preSolution
		Debug|Any CPU = Debug|Any CPU
		Release|Any CPU = Release|Any CPU
	EndGlobalSection
	GlobalSection(ProjectConfigurationPlatforms) = postSolution
		{0D0A9338-BE14-43AC-A342-4C720BEF93DD}.Debug|Any CPU.ActiveCfg = Debug|Any CPU
		{0D0A9338-BE14-43AC-A342-4C720BEF93DD}.Debug|Any CPU.Build.0 = Debug|Any CPU
		{0D0A9338-BE14-43AC-A342-4C720BEF93DD}.Release|Any CPU.ActiveCfg = Release|Any CPU
		{0D0A9338-BE14-43AC-A342-4C720BEF93DD}.Release|Any CPU.Build.0 = Release|Any CPU
	EndGlobalSection
	GlobalSection(SolutionProperties) = preSolution
		HideSolutionNode = FALSE
	EndGlobalSection
	GlobalSection(ExtensibilityGlobals) = postSolution
		SolutionGuid = {822155E0-94B8-416E-A7B9-A5FE1FBA41CB}
	EndGlobalSection
EndGlobal
